
Microsoft Visual Studio Solution File, Format Version 11.00
# Visual Studio 2010
Project("{F184B08F-C81C-45F6-A57F-5ABD9991F28F}") = "JWLibrary-VideosAdder", "JWLibrary-VideosAdder\JWLibrary-VideosAdder.vbproj", "{94F7C3A6-21A9-42EF-8853-1C6CE991A62A}"
EndProject
Project("{54435603-DBB4-11D2-8724-00A0C9A8B90C}") = "Setup", "Setup\Setup.vdproj", "{18E284A2-F3BA-4F26-9EE3-BFBADCF5E5E3}"
EndProject
Global
	GlobalSection(SolutionConfigurationPlatforms) = preSolution
		Debug|x86 = Debug|x86
		Release|x86 = Release|x86
	EndGlobalSection
	GlobalSection(ProjectConfigurationPlatforms) = postSolution
		{94F7C3A6-21A9-42EF-8853-1C6CE991A62A}.Debug|x86.ActiveCfg = Debug|x86
		{94F7C3A6-21A9-42EF-8853-1C6CE991A62A}.Debug|x86.Build.0 = Debug|x86
		{94F7C3A6-21A9-42EF-8853-1C6CE991A62A}.Release|x86.ActiveCfg = Release|x86
		{94F7C3A6-21A9-42EF-8853-1C6CE991A62A}.Release|x86.Build.0 = Release|x86
		{18E284A2-F3BA-4F26-9EE3-BFBADCF5E5E3}.Debug|x86.ActiveCfg = Debug
		{18E284A2-F3BA-4F26-9EE3-BFBADCF5E5E3}.Release|x86.ActiveCfg = Release
	EndGlobalSection
	GlobalSection(SolutionProperties) = preSolution
		HideSolutionNode = FALSE
	EndGlobalSection
EndGlobal
